
Microsoft Visual Studio Solution File, Format Version 11.00
# Visual Studio 2010
Project("{FAE04EC0-301F-11D3-BF4B-00C04F79EFBC}") = "RkCall", "RkCall.csproj", "{522D67B2-D706-4384-8D28-5875007D08E1}"
EndProject
Global
	GlobalSection(SolutionConfigurationPlatforms) = preSolution
		Debug|Any CPU = Debug|Any CPU
		Release|Any CPU = Release|Any CPU
	EndGlobalSection
	GlobalSection(ProjectConfigurationPlatforms) = postSolution
		{522D67B2-D706-4384-8D28-5875007D08E1}.Debug|Any CPU.ActiveCfg = Debug|Any CPU
		{522D67B2-D706-4384-8D28-5875007D08E1}.Debug|Any CPU.Build.0 = Debug|Any CPU
		{522D67B2-D706-4384-8D28-5875007D08E1}.Release|Any CPU.ActiveCfg = Release|Any CPU
		{522D67B2-D706-4384-8D28-5875007D08E1}.Release|Any CPU.Build.0 = Release|Any CPU
	EndGlobalSection
EndGlobal
